
Microsoft Visual Studio Solution File, Format Version 12.00
# Visual Studio Version 17
VisualStudioVersion = 17.0.31903.59
MinimumVisualStudioVersion = 10.0.40219.1
Project("{FAE04EC0-301F-11D3-BF4B-00C04F79EFBC}") = "Desafio", "Desafio\Desafio.csproj", "{1B936F30-DF4F-4301-ACD8-50BFBD5C3FDE}"
EndProject
Project("{FAE04EC0-301F-11D3-BF4B-00C04F79EFBC}") = "Desafio.Infrastructure", "Desafio.Infrastructure\Desafio.Infrastructure.csproj", "{97713F07-EA56-4F05-814C-6FF4A103D322}"
EndProject
Project("{FAE04EC0-301F-11D3-BF4B-00C04F79EFBC}") = "Desafio.Domain", "Desafio.Domain\Desafio.Domain.csproj", "{666BB246-2A12-4F07-A53C-163690F2CE6C}"
EndProject
Global
	GlobalSection(SolutionConfigurationPlatforms) = preSolution
		Debug|Any CPU = Debug|Any CPU
		Debug|x64 = Debug|x64
		Debug|x86 = Debug|x86
		Release|Any CPU = Release|Any CPU
		Release|x64 = Release|x64
		Release|x86 = Release|x86
	EndGlobalSection
	GlobalSection(ProjectConfigurationPlatforms) = postSolution
		{1B936F30-DF4F-4301-ACD8-50BFBD5C3FDE}.Debug|Any CPU.ActiveCfg = Debug|Any CPU
		{1B936F30-DF4F-4301-ACD8-50BFBD5C3FDE}.Debug|Any CPU.Build.0 = Debug|Any CPU
		{1B936F30-DF4F-4301-ACD8-50BFBD5C3FDE}.Debug|x64.ActiveCfg = Debug|Any CPU
		{1B936F30-DF4F-4301-ACD8-50BFBD5C3FDE}.Debug|x64.Build.0 = Debug|Any CPU
		{1B936F30-DF4F-4301-ACD8-50BFBD5C3FDE}.Debug|x86.ActiveCfg = Debug|Any CPU
		{1B936F30-DF4F-4301-ACD8-50BFBD5C3FDE}.Debug|x86.Build.0 = Debug|Any CPU
		{1B936F30-DF4F-4301-ACD8-50BFBD5C3FDE}.Release|Any CPU.ActiveCfg = Release|Any CPU
		{1B936F30-DF4F-4301-ACD8-50BFBD5C3FDE}.Release|Any CPU.Build.0 = Release|Any CPU
		{1B936F30-DF4F-4301-ACD8-50BFBD5C3FDE}.Release|x64.ActiveCfg = Release|Any CPU
		{1B936F30-DF4F-4301-ACD8-50BFBD5C3FDE}.Release|x64.Build.0 = Release|Any CPU
		{1B936F30-DF4F-4301-ACD8-50BFBD5C3FDE}.Release|x86.ActiveCfg = Release|Any CPU
		{1B936F30-DF4F-4301-ACD8-50BFBD5C3FDE}.Release|x86.Build.0 = Release|Any CPU
		{97713F07-EA56-4F05-814C-6FF4A103D322}.Debug|Any CPU.ActiveCfg = Debug|Any CPU
		{97713F07-EA56-4F05-814C-6FF4A103D322}.Debug|Any CPU.Build.0 = Debug|Any CPU
		{97713F07-EA56-4F05-814C-6FF4A103D322}.Debug|x64.ActiveCfg = Debug|Any CPU
		{97713F07-EA56-4F05-814C-6FF4A103D322}.Debug|x64.Build.0 = Debug|Any CPU
		{97713F07-EA56-4F05-814C-6FF4A103D322}.Debug|x86.ActiveCfg = Debug|Any CPU
		{97713F07-EA56-4F05-814C-6FF4A103D322}.Debug|x86.Build.0 = Debug|Any CPU
		{97713F07-EA56-4F05-814C-6FF4A103D322}.Release|Any CPU.ActiveCfg = Release|Any CPU
		{97713F07-EA56-4F05-814C-6FF4A103D322}.Release|Any CPU.Build.0 = Release|Any CPU
		{97713F07-EA56-4F05-814C-6FF4A103D322}.Release|x64.ActiveCfg = Release|Any CPU
		{97713F07-EA56-4F05-814C-6FF4A103D322}.Release|x64.Build.0 = Release|Any CPU
		{97713F07-EA56-4F05-814C-6FF4A103D322}.Release|x86.ActiveCfg = Release|Any CPU
		{97713F07-EA56-4F05-814C-6FF4A103D322}.Release|x86.Build.0 = Release|Any CPU
		{666BB246-2A12-4F07-A53C-163690F2CE6C}.Debug|Any CPU.ActiveCfg = Debug|Any CPU
		{666BB246-2A12-4F07-A53C-163690F2CE6C}.Debug|Any CPU.Build.0 = Debug|Any CPU
		{666BB246-2A12-4F07-A53C-163690F2CE6C}.Debug|x64.ActiveCfg = Debug|Any CPU
		{666BB246-2A12-4F07-A53C-163690F2CE6C}.Debug|x64.Build.0 = Debug|Any CPU
		{666BB246-2A12-4F07-A53C-163690F2CE6C}.Debug|x86.ActiveCfg = Debug|Any CPU
		{666BB246-2A12-4F07-A53C-163690F2CE6C}.Debug|x86.Build.0 = Debug|Any CPU
		{666BB246-2A12-4F07-A53C-163690F2CE6C}.Release|Any CPU.ActiveCfg = Release|Any CPU
		{666BB246-2A12-4F07-A53C-163690F2CE6C}.Release|Any CPU.Build.0 = Release|Any CPU
		{666BB246-2A12-4F07-A53C-163690F2CE6C}.Release|x64.ActiveCfg = Release|Any CPU
		{666BB246-2A12-4F07-A53C-163690F2CE6C}.Release|x64.Build.0 = Release|Any CPU
		{666BB246-2A12-4F07-A53C-163690F2CE6C}.Release|x86.ActiveCfg = Release|Any CPU
		{666BB246-2A12-4F07-A53C-163690F2CE6C}.Release|x86.Build.0 = Release|Any CPU
	EndGlobalSection
	GlobalSection(SolutionProperties) = preSolution
		HideSolutionNode = FALSE
	EndGlobalSection
EndGlobal
